
Microsoft Visual Studio Solution File, Format Version 12.00
# Visual Studio Version 17
VisualStudioVersion = 17.13.35825.156 d17.13
MinimumVisualStudioVersion = 10.0.40219.1
Project("{FAE04EC0-301F-11D3-BF4B-00C04F79EFBC}") = "Report_Mark1", "Report_Mark1\Report_Mark1.csproj", "{31544937-631E-410C-BCE5-190A67372FDD}"
EndProject
Global
	GlobalSection(SolutionConfigurationPlatforms) = preSolution
		Debug|Any CPU = Debug|Any CPU
		Release|Any CPU = Release|Any CPU
	EndGlobalSection
	GlobalSection(ProjectConfigurationPlatforms) = postSolution
		{31544937-631E-410C-BCE5-190A67372FDD}.Debug|Any CPU.ActiveCfg = Debug|Any CPU
		{31544937-631E-410C-BCE5-190A67372FDD}.Debug|Any CPU.Build.0 = Debug|Any CPU
		{31544937-631E-410C-BCE5-190A67372FDD}.Release|Any CPU.ActiveCfg = Release|Any CPU
		{31544937-631E-410C-BCE5-190A67372FDD}.Release|Any CPU.Build.0 = Release|Any CPU
	EndGlobalSection
	GlobalSection(SolutionProperties) = preSolution
		HideSolutionNode = FALSE
	EndGlobalSection
	GlobalSection(ExtensibilityGlobals) = postSolution
		SolutionGuid = {12145103-4CE6-4EBC-A74E-B52CC2F193E2}
	EndGlobalSection
EndGlobal
